
Microsoft Visual Studio Solution File, Format Version 12.00
# Visual Studio 15
VisualStudioVersion = 15.0.27004.2005
MinimumVisualStudioVersion = 10.0.40219.1
Project("{FAE04EC0-301F-11D3-BF4B-00C04F79EFBC}") = "GF.App.Barbarian_direct_ref", "GF.App.Barbarian\GF.App.Barbarian_direct_ref.csproj", "{EF3692E0-ACF5-40C3-B9FD-9ECF783DA4E2}"
EndProject
Project("{FAE04EC0-301F-11D3-BF4B-00C04F79EFBC}") = "GF.Lib.Global", "GF.Lib.Global\GF.Lib.Global.csproj", "{4860AD0F-227E-41A5-9550-7F982DA58A47}"
EndProject
Project("{FAE04EC0-301F-11D3-BF4B-00C04F79EFBC}") = "Shell", "gong-shell.src\Shell\Shell.csproj", "{711CCF1F-6B8F-4E97-8D84-0EE679C83B41}"
EndProject
Project("{FAE04EC0-301F-11D3-BF4B-00C04F79EFBC}") = "GF.Test.UnitTests", "GF.Test.UnitTests\GF.Test.UnitTests.csproj", "{414EC4B5-CD0A-4C2C-85C1-5CFA9F5C687E}"
EndProject
Project("{FAE04EC0-301F-11D3-BF4B-00C04F79EFBC}") = "GF.Lib.Communication.Midi", "GF.Lib.Communication.Midi\GF.Lib.Communication.Midi.csproj", "{889AE9D0-7944-4405-87BF-6E3D34A1107B}"
EndProject
Project("{2150E333-8FDC-42A3-9474-1A3956D46DE8}") = "Solution Items", "Solution Items", "{EC0E49C6-925D-4637-8254-DCF6751B8409}"
	ProjectSection(SolutionItems) = preProject
		Help\Barbarian.hnd = Help\Barbarian.hnd
	EndProjectSection
EndProject
Global
	GlobalSection(SolutionConfigurationPlatforms) = preSolution
		Debug|Any CPU = Debug|Any CPU
		Release|Any CPU = Release|Any CPU
	EndGlobalSection
	GlobalSection(ProjectConfigurationPlatforms) = postSolution
		{EF3692E0-ACF5-40C3-B9FD-9ECF783DA4E2}.Debug|Any CPU.ActiveCfg = Debug|Any CPU
		{EF3692E0-ACF5-40C3-B9FD-9ECF783DA4E2}.Debug|Any CPU.Build.0 = Debug|Any CPU
		{EF3692E0-ACF5-40C3-B9FD-9ECF783DA4E2}.Release|Any CPU.ActiveCfg = Release|Any CPU
		{EF3692E0-ACF5-40C3-B9FD-9ECF783DA4E2}.Release|Any CPU.Build.0 = Release|Any CPU
		{4860AD0F-227E-41A5-9550-7F982DA58A47}.Debug|Any CPU.ActiveCfg = Debug|Any CPU
		{4860AD0F-227E-41A5-9550-7F982DA58A47}.Debug|Any CPU.Build.0 = Debug|Any CPU
		{4860AD0F-227E-41A5-9550-7F982DA58A47}.Release|Any CPU.ActiveCfg = Release|Any CPU
		{4860AD0F-227E-41A5-9550-7F982DA58A47}.Release|Any CPU.Build.0 = Release|Any CPU
		{711CCF1F-6B8F-4E97-8D84-0EE679C83B41}.Debug|Any CPU.ActiveCfg = Debug|Any CPU
		{711CCF1F-6B8F-4E97-8D84-0EE679C83B41}.Debug|Any CPU.Build.0 = Debug|Any CPU
		{711CCF1F-6B8F-4E97-8D84-0EE679C83B41}.Release|Any CPU.ActiveCfg = Release|Any CPU
		{711CCF1F-6B8F-4E97-8D84-0EE679C83B41}.Release|Any CPU.Build.0 = Release|Any CPU
		{414EC4B5-CD0A-4C2C-85C1-5CFA9F5C687E}.Debug|Any CPU.ActiveCfg = Debug|Any CPU
		{414EC4B5-CD0A-4C2C-85C1-5CFA9F5C687E}.Debug|Any CPU.Build.0 = Debug|Any CPU
		{414EC4B5-CD0A-4C2C-85C1-5CFA9F5C687E}.Release|Any CPU.ActiveCfg = Release|Any CPU
		{414EC4B5-CD0A-4C2C-85C1-5CFA9F5C687E}.Release|Any CPU.Build.0 = Release|Any CPU
		{889AE9D0-7944-4405-87BF-6E3D34A1107B}.Debug|Any CPU.ActiveCfg = Debug|Any CPU
		{889AE9D0-7944-4405-87BF-6E3D34A1107B}.Debug|Any CPU.Build.0 = Debug|Any CPU
		{889AE9D0-7944-4405-87BF-6E3D34A1107B}.Release|Any CPU.ActiveCfg = Release|Any CPU
		{889AE9D0-7944-4405-87BF-6E3D34A1107B}.Release|Any CPU.Build.0 = Release|Any CPU
	EndGlobalSection
	GlobalSection(SolutionProperties) = preSolution
		HideSolutionNode = FALSE
	EndGlobalSection
	GlobalSection(ExtensibilityGlobals) = postSolution
		SolutionGuid = {89AA5393-9234-4D63-B44A-4613691DBA45}
	EndGlobalSection
EndGlobal
